
Microsoft Visual Studio Solution File, Format Version 12.00
# Visual Studio Version 17
VisualStudioVersion = 17.14.36414.22 d17.14
MinimumVisualStudioVersion = 10.0.40219.1
Project("{FAE04EC0-301F-11D3-BF4B-00C04F79EFBC}") = "MMOlogs_BackEnd", "MMOlogs_BackEnd.csproj", "{B8460995-32EF-42EC-84E8-A45D1FEDC91D}"
EndProject
Global
	GlobalSection(SolutionConfigurationPlatforms) = preSolution
		Debug|Any CPU = Debug|Any CPU
		Release|Any CPU = Release|Any CPU
	EndGlobalSection
	GlobalSection(ProjectConfigurationPlatforms) = postSolution
		{B8460995-32EF-42EC-84E8-A45D1FEDC91D}.Debug|Any CPU.ActiveCfg = Debug|Any CPU
		{B8460995-32EF-42EC-84E8-A45D1FEDC91D}.Debug|Any CPU.Build.0 = Debug|Any CPU
		{B8460995-32EF-42EC-84E8-A45D1FEDC91D}.Release|Any CPU.ActiveCfg = Release|Any CPU
		{B8460995-32EF-42EC-84E8-A45D1FEDC91D}.Release|Any CPU.Build.0 = Release|Any CPU
	EndGlobalSection
	GlobalSection(SolutionProperties) = preSolution
		HideSolutionNode = FALSE
	EndGlobalSection
	GlobalSection(ExtensibilityGlobals) = postSolution
		SolutionGuid = {24E29117-E420-4622-B231-CA6DC8FC9629}
	EndGlobalSection
EndGlobal
